
Microsoft Visual Studio Solution File, Format Version 12.00
# Visual Studio Version 17
VisualStudioVersion = 17.11.35312.102
MinimumVisualStudioVersion = 10.0.40219.1
Project("{FAE04EC0-301F-11D3-BF4B-00C04F79EFBC}") = "rs23076md2", "rs23076md2\rs23076md2.csproj", "{BC047A3F-D541-41E4-91C3-7B754BEA52DB}"
EndProject
Global
	GlobalSection(SolutionConfigurationPlatforms) = preSolution
		Debug|Any CPU = Debug|Any CPU
		Release|Any CPU = Release|Any CPU
	EndGlobalSection
	GlobalSection(ProjectConfigurationPlatforms) = postSolution
		{BC047A3F-D541-41E4-91C3-7B754BEA52DB}.Debug|Any CPU.ActiveCfg = Debug|Any CPU
		{BC047A3F-D541-41E4-91C3-7B754BEA52DB}.Debug|Any CPU.Build.0 = Debug|Any CPU
		{BC047A3F-D541-41E4-91C3-7B754BEA52DB}.Debug|Any CPU.Deploy.0 = Debug|Any CPU
		{BC047A3F-D541-41E4-91C3-7B754BEA52DB}.Release|Any CPU.ActiveCfg = Release|Any CPU
		{BC047A3F-D541-41E4-91C3-7B754BEA52DB}.Release|Any CPU.Build.0 = Release|Any CPU
		{BC047A3F-D541-41E4-91C3-7B754BEA52DB}.Release|Any CPU.Deploy.0 = Release|Any CPU
	EndGlobalSection
	GlobalSection(SolutionProperties) = preSolution
		HideSolutionNode = FALSE
	EndGlobalSection
	GlobalSection(ExtensibilityGlobals) = postSolution
		SolutionGuid = {53A5C074-EB07-4839-890D-54E058C1F1C6}
	EndGlobalSection
EndGlobal
